<?xml version="1.0" encoding="utf-8"?>
<Project ToolsVersion="4.0" xmlns="http://schemas.microsoft.com/developer/msbuild/2003">
  <ItemGroup>
    <Filter Include="Archivos de origen">
      <UniqueIdentifier>{4FC737F1-C7A5-4376-A066-2A32D752A2FF}</UniqueIdentifier>
      <Extensions>cpp;c;cc;cxx;def;odl;idl;hpj;bat;asm;asmx</Extensions>
    </Filter>
    <Filter Include="Archivos de encabezado">
      <UniqueIdentifier>{93995380-89BD-4b04-88EB-625FBE52EBFB}</UniqueIdentifier>
      <Extensions>h;hh;hpp;hxx;hm;inl;inc;ipp;xsd</Extensions>
    </Filter>
    <Filter Include="Archivos de recursos">
      <UniqueIdentifier>{67DA6AB6-F800-4c08-8B7A-83BB121AAD01}</UniqueIdentifier>
      <Extensions>rc;ico;cur;bmp;dlg;rc2;rct;bin;rgs;gif;jpg;jpeg;jpe;resx;tiff;tif;png;wav;mfcribbon-ms</Extensions>
    </Filter>
  </ItemGroup>
  <ItemGroup>
    <ClCompile Include="src\Bones.cpp">
      <Filter>Archivos de origen</Filter>
    </ClCompile>
    <ClCompile Include="src\Box.cpp">
      <Filter>Archivos de origen</Filter>
    </ClCompile>
    <ClCompile Include="src\Cylinder.cpp">
      <Filter>Archivos de origen</Filter>
    </ClCompile>
    <ClCompile Include="src\FirstPersonCamera.cpp">
      <Filter>Archivos de origen</Filter>
    </ClCompile>
    <ClCompile Include="src\Mesh.cpp">
      <Filter>Archivos de origen</Filter>
    </ClCompile>
    <ClCompile Include="src\Model.cpp">
      <Filter>Archivos de origen</Filter>
    </ClCompile>
    <ClCompile Include="src\Shader.cpp">
      <Filter>Archivos de origen</Filter>
    </ClCompile>
    <ClCompile Include="src\Sphere.cpp">
      <Filter>Archivos de origen</Filter>
    </ClCompile>
    <ClCompile Include="src\Terrain.cpp">
      <Filter>Archivos de origen</Filter>
    </ClCompile>
    <ClCompile Include="src\Texture.cpp">
      <Filter>Archivos de origen</Filter>
    </ClCompile>
    <ClCompile Include="src\ThirdPersonCamera.cpp">
      <Filter>Archivos de origen</Filter>
    </ClCompile>
    <ClCompile Include="src\TimeManager.cpp">
      <Filter>Archivos de origen</Filter>
    </ClCompile>
    <ClCompile Include="src\ShadowBox.cpp">
      <Filter>Archivos de origen</Filter>
    </ClCompile>
    <ClCompile Include="src\FontTypeRendering.cpp">
      <Filter>Archivos de origen</Filter>
    </ClCompile>
  </ItemGroup>
  <ItemGroup>
    <ClInclude Include="include\Headers\AbstractModel.h">
      <Filter>Archivos de encabezado</Filter>
    </ClInclude>
    <ClInclude Include="include\Headers\AnimationUtils.h">
      <Filter>Archivos de encabezado</Filter>
    </ClInclude>
    <ClInclude Include="include\Headers\Bones.h">
      <Filter>Archivos de encabezado</Filter>
    </ClInclude>
    <ClInclude Include="include\Headers\Box.h">
      <Filter>Archivos de encabezado</Filter>
    </ClInclude>
    <ClInclude Include="include\Headers\Camera.h">
      <Filter>Archivos de encabezado</Filter>
    </ClInclude>
    <ClInclude Include="include\Headers\Cylinder.h">
      <Filter>Archivos de encabezado</Filter>
    </ClInclude>
    <ClInclude Include="include\Headers\FirstPersonCamera.h">
      <Filter>Archivos de encabezado</Filter>
    </ClInclude>
    <ClInclude Include="include\Headers\mathUtil.h">
      <Filter>Archivos de encabezado</Filter>
    </ClInclude>
    <ClInclude Include="include\Headers\Mesh.h">
      <Filter>Archivos de encabezado</Filter>
    </ClInclude>
    <ClInclude Include="include\Headers\Model.h">
      <Filter>Archivos de encabezado</Filter>
    </ClInclude>
    <ClInclude Include="include\Headers\Shader.h">
      <Filter>Archivos de encabezado</Filter>
    </ClInclude>
    <ClInclude Include="include\Headers\Sphere.h">
      <Filter>Archivos de encabezado</Filter>
    </ClInclude>
    <ClInclude Include="include\Headers\Terrain.h">
      <Filter>Archivos de encabezado</Filter>
    </ClInclude>
    <ClInclude Include="include\Headers\Texture.h">
      <Filter>Archivos de encabezado</Filter>
    </ClInclude>
    <ClInclude Include="include\Headers\ThirdPersonCamera.h">
      <Filter>Archivos de encabezado</Filter>
    </ClInclude>
    <ClInclude Include="include\Headers\TimeManager.h">
      <Filter>Archivos de encabezado</Filter>
    </ClInclude>
    <ClInclude Include="include\Headers\Colisiones.h">
      <Filter>Archivos de encabezado</Filter>
    </ClInclude>
    <ClInclude Include="include\Headers\ShadowBox.h">
      <Filter>Archivos de encabezado</Filter>
    </ClInclude>
    <ClInclude Include="include\Headers\FontTypeRendering.h">
      <Filter>Archivos de encabezado</Filter>
    </ClInclude>
  </ItemGroup>
  <ItemGroup>
    <None Include="..\Shaders\colorShader.fs">
      <Filter>Archivos de recursos</Filter>
    </None>
    <None Include="..\Shaders\colorShader.vs">
      <Filter>Archivos de recursos</Filter>
    </None>
    <None Include="..\Shaders\cubeTexture.fs">
      <Filter>Archivos de recursos</Filter>
    </None>
    <None Include="..\Shaders\cubeTexture.vs">
      <Filter>Archivos de recursos</Filter>
    </None>
    <None Include="..\Shaders\iluminacion_textura_animation.vs">
      <Filter>Archivos de recursos</Filter>
    </None>
    <None Include="..\Shaders\iluminacion_texture_res.vs">
      <Filter>Archivos de recursos</Filter>
    </None>
    <None Include="..\Shaders\multipleLights.fs">
      <Filter>Archivos de recursos</Filter>
    </None>
    <None Include="..\Shaders\terrain.fs">
      <Filter>Archivos de recursos</Filter>
    </None>
    <None Include="..\Shaders\terrain.vs">
      <Filter>Archivos de recursos</Filter>
    </None>
    <None Include="..\Shaders\depthTesting.fs">
      <Filter>Archivos de recursos</Filter>
    </None>
    <None Include="..\Shaders\depthTesting.vs">
      <Filter>Archivos de recursos</Filter>
    </None>
    <None Include="..\Shaders\iluminacion_textura_animation_fog.vs">
      <Filter>Archivos de recursos</Filter>
    </None>
    <None Include="..\Shaders\iluminacion_textura_animation_shadow.vs">
      <Filter>Archivos de recursos</Filter>
    </None>
    <None Include="..\Shaders\multipleLights_fog.fs">
      <Filter>Archivos de recursos</Filter>
    </None>
    <None Include="..\Shaders\multipleLights_shadow.fs">
      <Filter>Archivos de recursos</Filter>
    </None>
    <None Include="..\Shaders\particlesFire.fs">
      <Filter>Archivos de recursos</Filter>
    </None>
    <None Include="..\Shaders\particlesFire.vs">
      <Filter>Archivos de recursos</Filter>
    </None>
    <None Include="..\Shaders\particlesFountain.fs">
      <Filter>Archivos de recursos</Filter>
    </None>
    <None Include="..\Shaders\particlesFountain.vs">
      <Filter>Archivos de recursos</Filter>
    </None>
    <None Include="..\Shaders\shadow_mapping_depth.fs">
      <Filter>Archivos de recursos</Filter>
    </None>
    <None Include="..\Shaders\shadow_mapping_depth.vs">
      <Filter>Archivos de recursos</Filter>
    </None>
    <None Include="..\Shaders\skyBox.fs">
      <Filter>Archivos de recursos</Filter>
    </None>
    <None Include="..\Shaders\skyBox.vs">
      <Filter>Archivos de recursos</Filter>
    </None>
    <None Include="..\Shaders\skyBox_fog.fs">
      <Filter>Archivos de recursos</Filter>
    </None>
    <None Include="..\Shaders\terrain_fog.fs">
      <Filter>Archivos de recursos</Filter>
    </None>
    <None Include="..\Shaders\terrain_fog.vs">
      <Filter>Archivos de recursos</Filter>
    </None>
    <None Include="..\Shaders\terrain_shadow.fs">
      <Filter>Archivos de recursos</Filter>
    </None>
    <None Include="..\Shaders\terrain_shadow.vs">
      <Filter>Archivos de recursos</Filter>
    </None>
    <None Include="..\Shaders\texturizado.vs">
      <Filter>Archivos de recursos</Filter>
    </None>
    <None Include="..\Shaders\texturizado_depth_view.fs">
      <Filter>Archivos de recursos</Filter>
    </None>
  </ItemGroup>
</Project>