
Microsoft Visual Studio Solution File, Format Version 12.00
# Visual Studio 15
VisualStudioVersion = 15.0.27130.2026
MinimumVisualStudioVersion = 10.0.40219.1
Project("{8BC9CEB8-8B4A-11D0-8D11-00A0C91BC942}") = "01-ManejoVentanasGLFW", "01-ManejoVentanasGLFW\01-ManejoVentanasGLFW.vcxproj", "{1DF0193C-43BF-49A0-98B6-8A59FA1DBA06}"
EndProject
Project("{8BC9CEB8-8B4A-11D0-8D11-00A0C91BC942}") = "02-IntroOpenGL", "02-IntroOpenGL\02-IntroOpenGL.vcxproj", "{6CD929B0-9230-45C0-9E8C-88E48E5E195C}"
EndProject
Project("{8BC9CEB8-8B4A-11D0-8D11-00A0C91BC942}") = "03-SistemasCoordenados", "03-SistemasCoordenados\03-SistemasCoordenados.vcxproj", "{1476F656-8C45-4170-BEA1-DB88AC993135}"
EndProject
Project("{8BC9CEB8-8B4A-11D0-8D11-00A0C91BC942}") = "04-ModeladoGeometrico", "04-ModeladoGeometrico\04-ModeladoGeometrico.vcxproj", "{59CB9B00-D532-4DB6-B06A-4D0AB90A5F08}"
EndProject
Project("{8BC9CEB8-8B4A-11D0-8D11-00A0C91BC942}") = "05-ModeladoJerarquico", "05-ModeladoJerarquico\05-ModeladoJerarquico.vcxproj", "{E20B76FA-691A-4984-BBA9-657A9ACD056C}"
EndProject
Project("{8BC9CEB8-8B4A-11D0-8D11-00A0C91BC942}") = "06-Texturizado", "06-Texturizado\06-Texturizado.vcxproj", "{5A32F8BA-F112-4414-8CAB-2932D4FA591A}"
EndProject
Project("{8BC9CEB8-8B4A-11D0-8D11-00A0C91BC942}") = "07-Iluminacion_1", "07-Iluminacion_1\07-Iluminacion_1.vcxproj", "{8D2506B4-637C-4694-83AD-0879B70F8D19}"
EndProject
Project("{8BC9CEB8-8B4A-11D0-8D11-00A0C91BC942}") = "08-Iluminacion_2", "08-Iluminacion_2\08-Iluminacion_2.vcxproj", "{C8899150-7B0E-452B-BE20-6F7F02BD4796}"
EndProject
Project("{8BC9CEB8-8B4A-11D0-8D11-00A0C91BC942}") = "09-Modelos", "09-Modelos\09-Modelos.vcxproj", "{5EEE06AF-4E8F-4BA6-8D07-3867D8CDC4DB}"
EndProject
Project("{8BC9CEB8-8B4A-11D0-8D11-00A0C91BC942}") = "10-Animacion", "10-Animacion\10-Animacion.vcxproj", "{7A34C8FA-06F2-4D56-AB10-52CF1C07C19A}"
EndProject
Project("{8BC9CEB8-8B4A-11D0-8D11-00A0C91BC942}") = "11-AnimacionKeyFrames", "11-AnimacionKeyFrames\11-AnimacionKeyFrames.vcxproj", "{2351B8DC-0B6B-4F9B-8F65-117802D51356}"
EndProject
Project("{8BC9CEB8-8B4A-11D0-8D11-00A0C91BC942}") = "13-CameraTPS", "13-CameraTPS\13-CameraTPS.vcxproj", "{AEDBB7A8-6429-40FB-8873-DFB26D1D8D55}"
EndProject
Project("{8BC9CEB8-8B4A-11D0-8D11-00A0C91BC942}") = "14-Colisiones", "14-Colisiones\14-Colisiones.vcxproj", "{63917F07-8EDA-4FEA-A607-02371A481B0C}"
EndProject
Project("{8BC9CEB8-8B4A-11D0-8D11-00A0C91BC942}") = "15-DepthTesting", "15-DepthTesting\15-DepthTesting.vcxproj", "{AF5223D5-9B1A-47E2-9CA8-F47A42BD485B}"
EndProject
Project("{8BC9CEB8-8B4A-11D0-8D11-00A0C91BC942}") = "16-Blending", "16-Blending\16-Blending.vcxproj", "{FCB65E06-7F90-433F-8B57-FC803CA8AAED}"
EndProject
Project("{8BC9CEB8-8B4A-11D0-8D11-00A0C91BC942}") = "17-FrameBuffers", "17-FrameBuffers\17-FrameBuffers.vcxproj", "{1E26A186-3CCB-4A90-8C78-80098D27E1FC}"
EndProject
Project("{8BC9CEB8-8B4A-11D0-8D11-00A0C91BC942}") = "18-Particulas", "18-Particulas\18-Particulas.vcxproj", "{012D3699-1F63-4809-896F-1BBBF9854EB1}"
EndProject
Project("{8BC9CEB8-8B4A-11D0-8D11-00A0C91BC942}") = "19-ParticulasFeedback", "19-ParticulasFeedback\19-ParticulasFeedback.vcxproj", "{0D16DE69-BD75-4407-B432-D41DB0644EBC}"
EndProject
Project("{8BC9CEB8-8B4A-11D0-8D11-00A0C91BC942}") = "20-ShadowMapping", "20-ShadowMapping\20-ShadowMapping.vcxproj", "{AD0B15F2-8CB6-4723-AB99-A69FDD706453}"
EndProject
Project("{8BC9CEB8-8B4A-11D0-8D11-00A0C91BC942}") = "21-OpenAL", "21-OpenAL\21-OpenAL.vcxproj", "{F76A630E-0F41-4F66-94BE-F24391D4C71F}"
EndProject
Global
	GlobalSection(SolutionConfigurationPlatforms) = preSolution
		Debug|x64 = Debug|x64
		Debug|x86 = Debug|x86
		Release|x64 = Release|x64
		Release|x86 = Release|x86
	EndGlobalSection
	GlobalSection(ProjectConfigurationPlatforms) = postSolution
		{1DF0193C-43BF-49A0-98B6-8A59FA1DBA06}.Debug|x64.ActiveCfg = Debug|x64
		{1DF0193C-43BF-49A0-98B6-8A59FA1DBA06}.Debug|x64.Build.0 = Debug|x64
		{1DF0193C-43BF-49A0-98B6-8A59FA1DBA06}.Debug|x86.ActiveCfg = Debug|Win32
		{1DF0193C-43BF-49A0-98B6-8A59FA1DBA06}.Debug|x86.Build.0 = Debug|Win32
		{1DF0193C-43BF-49A0-98B6-8A59FA1DBA06}.Release|x64.ActiveCfg = Release|x64
		{1DF0193C-43BF-49A0-98B6-8A59FA1DBA06}.Release|x64.Build.0 = Release|x64
		{1DF0193C-43BF-49A0-98B6-8A59FA1DBA06}.Release|x86.ActiveCfg = Release|Win32
		{1DF0193C-43BF-49A0-98B6-8A59FA1DBA06}.Release|x86.Build.0 = Release|Win32
		{6CD929B0-9230-45C0-9E8C-88E48E5E195C}.Debug|x64.ActiveCfg = Debug|x64
		{6CD929B0-9230-45C0-9E8C-88E48E5E195C}.Debug|x64.Build.0 = Debug|x64
		{6CD929B0-9230-45C0-9E8C-88E48E5E195C}.Debug|x86.ActiveCfg = Debug|Win32
		{6CD929B0-9230-45C0-9E8C-88E48E5E195C}.Debug|x86.Build.0 = Debug|Win32
		{6CD929B0-9230-45C0-9E8C-88E48E5E195C}.Release|x64.ActiveCfg = Release|x64
		{6CD929B0-9230-45C0-9E8C-88E48E5E195C}.Release|x64.Build.0 = Release|x64
		{6CD929B0-9230-45C0-9E8C-88E48E5E195C}.Release|x86.ActiveCfg = Release|Win32
		{6CD929B0-9230-45C0-9E8C-88E48E5E195C}.Release|x86.Build.0 = Release|Win32
		{1476F656-8C45-4170-BEA1-DB88AC993135}.Debug|x64.ActiveCfg = Debug|x64
		{1476F656-8C45-4170-BEA1-DB88AC993135}.Debug|x64.Build.0 = Debug|x64
		{1476F656-8C45-4170-BEA1-DB88AC993135}.Debug|x86.ActiveCfg = Debug|Win32
		{1476F656-8C45-4170-BEA1-DB88AC993135}.Debug|x86.Build.0 = Debug|Win32
		{1476F656-8C45-4170-BEA1-DB88AC993135}.Release|x64.ActiveCfg = Release|x64
		{1476F656-8C45-4170-BEA1-DB88AC993135}.Release|x64.Build.0 = Release|x64
		{1476F656-8C45-4170-BEA1-DB88AC993135}.Release|x86.ActiveCfg = Release|Win32
		{1476F656-8C45-4170-BEA1-DB88AC993135}.Release|x86.Build.0 = Release|Win32
		{59CB9B00-D532-4DB6-B06A-4D0AB90A5F08}.Debug|x64.ActiveCfg = Debug|x64
		{59CB9B00-D532-4DB6-B06A-4D0AB90A5F08}.Debug|x64.Build.0 = Debug|x64
		{59CB9B00-D532-4DB6-B06A-4D0AB90A5F08}.Debug|x86.ActiveCfg = Debug|Win32
		{59CB9B00-D532-4DB6-B06A-4D0AB90A5F08}.Debug|x86.Build.0 = Debug|Win32
		{59CB9B00-D532-4DB6-B06A-4D0AB90A5F08}.Release|x64.ActiveCfg = Release|x64
		{59CB9B00-D532-4DB6-B06A-4D0AB90A5F08}.Release|x64.Build.0 = Release|x64
		{59CB9B00-D532-4DB6-B06A-4D0AB90A5F08}.Release|x86.ActiveCfg = Release|Win32
		{59CB9B00-D532-4DB6-B06A-4D0AB90A5F08}.Release|x86.Build.0 = Release|Win32
		{E20B76FA-691A-4984-BBA9-657A9ACD056C}.Debug|x64.ActiveCfg = Debug|x64
		{E20B76FA-691A-4984-BBA9-657A9ACD056C}.Debug|x64.Build.0 = Debug|x64
		{E20B76FA-691A-4984-BBA9-657A9ACD056C}.Debug|x86.ActiveCfg = Debug|Win32
		{E20B76FA-691A-4984-BBA9-657A9ACD056C}.Debug|x86.Build.0 = Debug|Win32
		{E20B76FA-691A-4984-BBA9-657A9ACD056C}.Release|x64.ActiveCfg = Release|x64
		{E20B76FA-691A-4984-BBA9-657A9ACD056C}.Release|x64.Build.0 = Release|x64
		{E20B76FA-691A-4984-BBA9-657A9ACD056C}.Release|x86.ActiveCfg = Release|Win32
		{E20B76FA-691A-4984-BBA9-657A9ACD056C}.Release|x86.Build.0 = Release|Win32
		{5A32F8BA-F112-4414-8CAB-2932D4FA591A}.Debug|x64.ActiveCfg = Debug|x64
		{5A32F8BA-F112-4414-8CAB-2932D4FA591A}.Debug|x64.Build.0 = Debug|x64
		{5A32F8BA-F112-4414-8CAB-2932D4FA591A}.Debug|x86.ActiveCfg = Debug|Win32
		{5A32F8BA-F112-4414-8CAB-2932D4FA591A}.Debug|x86.Build.0 = Debug|Win32
		{5A32F8BA-F112-4414-8CAB-2932D4FA591A}.Release|x64.ActiveCfg = Release|x64
		{5A32F8BA-F112-4414-8CAB-2932D4FA591A}.Release|x64.Build.0 = Release|x64
		{5A32F8BA-F112-4414-8CAB-2932D4FA591A}.Release|x86.ActiveCfg = Release|Win32
		{5A32F8BA-F112-4414-8CAB-2932D4FA591A}.Release|x86.Build.0 = Release|Win32
		{8D2506B4-637C-4694-83AD-0879B70F8D19}.Debug|x64.ActiveCfg = Debug|x64
		{8D2506B4-637C-4694-83AD-0879B70F8D19}.Debug|x64.Build.0 = Debug|x64
		{8D2506B4-637C-4694-83AD-0879B70F8D19}.Debug|x86.ActiveCfg = Debug|Win32
		{8D2506B4-637C-4694-83AD-0879B70F8D19}.Debug|x86.Build.0 = Debug|Win32
		{8D2506B4-637C-4694-83AD-0879B70F8D19}.Release|x64.ActiveCfg = Release|x64
		{8D2506B4-637C-4694-83AD-0879B70F8D19}.Release|x64.Build.0 = Release|x64
		{8D2506B4-637C-4694-83AD-0879B70F8D19}.Release|x86.ActiveCfg = Release|Win32
		{8D2506B4-637C-4694-83AD-0879B70F8D19}.Release|x86.Build.0 = Release|Win32
		{C8899150-7B0E-452B-BE20-6F7F02BD4796}.Debug|x64.ActiveCfg = Debug|x64
		{C8899150-7B0E-452B-BE20-6F7F02BD4796}.Debug|x64.Build.0 = Debug|x64
		{C8899150-7B0E-452B-BE20-6F7F02BD4796}.Debug|x86.ActiveCfg = Debug|Win32
		{C8899150-7B0E-452B-BE20-6F7F02BD4796}.Debug|x86.Build.0 = Debug|Win32
		{C8899150-7B0E-452B-BE20-6F7F02BD4796}.Release|x64.ActiveCfg = Release|x64
		{C8899150-7B0E-452B-BE20-6F7F02BD4796}.Release|x64.Build.0 = Release|x64
		{C8899150-7B0E-452B-BE20-6F7F02BD4796}.Release|x86.ActiveCfg = Release|Win32
		{C8899150-7B0E-452B-BE20-6F7F02BD4796}.Release|x86.Build.0 = Release|Win32
		{5EEE06AF-4E8F-4BA6-8D07-3867D8CDC4DB}.Debug|x64.ActiveCfg = Debug|x64
		{5EEE06AF-4E8F-4BA6-8D07-3867D8CDC4DB}.Debug|x64.Build.0 = Debug|x64
		{5EEE06AF-4E8F-4BA6-8D07-3867D8CDC4DB}.Debug|x86.ActiveCfg = Debug|Win32
		{5EEE06AF-4E8F-4BA6-8D07-3867D8CDC4DB}.Debug|x86.Build.0 = Debug|Win32
		{5EEE06AF-4E8F-4BA6-8D07-3867D8CDC4DB}.Release|x64.ActiveCfg = Release|x64
		{5EEE06AF-4E8F-4BA6-8D07-3867D8CDC4DB}.Release|x64.Build.0 = Release|x64
		{5EEE06AF-4E8F-4BA6-8D07-3867D8CDC4DB}.Release|x86.ActiveCfg = Release|Win32
		{5EEE06AF-4E8F-4BA6-8D07-3867D8CDC4DB}.Release|x86.Build.0 = Release|Win32
		{7A34C8FA-06F2-4D56-AB10-52CF1C07C19A}.Debug|x64.ActiveCfg = Debug|x64
		{7A34C8FA-06F2-4D56-AB10-52CF1C07C19A}.Debug|x64.Build.0 = Debug|x64
		{7A34C8FA-06F2-4D56-AB10-52CF1C07C19A}.Debug|x86.ActiveCfg = Debug|Win32
		{7A34C8FA-06F2-4D56-AB10-52CF1C07C19A}.Debug|x86.Build.0 = Debug|Win32
		{7A34C8FA-06F2-4D56-AB10-52CF1C07C19A}.Release|x64.ActiveCfg = Release|x64
		{7A34C8FA-06F2-4D56-AB10-52CF1C07C19A}.Release|x64.Build.0 = Release|x64
		{7A34C8FA-06F2-4D56-AB10-52CF1C07C19A}.Release|x86.ActiveCfg = Release|Win32
		{7A34C8FA-06F2-4D56-AB10-52CF1C07C19A}.Release|x86.Build.0 = Release|Win32
		{2351B8DC-0B6B-4F9B-8F65-117802D51356}.Debug|x64.ActiveCfg = Debug|x64
		{2351B8DC-0B6B-4F9B-8F65-117802D51356}.Debug|x64.Build.0 = Debug|x64
		{2351B8DC-0B6B-4F9B-8F65-117802D51356}.Debug|x86.ActiveCfg = Debug|Win32
		{2351B8DC-0B6B-4F9B-8F65-117802D51356}.Debug|x86.Build.0 = Debug|Win32
		{2351B8DC-0B6B-4F9B-8F65-117802D51356}.Release|x64.ActiveCfg = Release|x64
		{2351B8DC-0B6B-4F9B-8F65-117802D51356}.Release|x64.Build.0 = Release|x64
		{2351B8DC-0B6B-4F9B-8F65-117802D51356}.Release|x86.ActiveCfg = Release|Win32
		{2351B8DC-0B6B-4F9B-8F65-117802D51356}.Release|x86.Build.0 = Release|Win32
		{AEDBB7A8-6429-40FB-8873-DFB26D1D8D55}.Debug|x64.ActiveCfg = Debug|x64
		{AEDBB7A8-6429-40FB-8873-DFB26D1D8D55}.Debug|x64.Build.0 = Debug|x64
		{AEDBB7A8-6429-40FB-8873-DFB26D1D8D55}.Debug|x86.ActiveCfg = Debug|Win32
		{AEDBB7A8-6429-40FB-8873-DFB26D1D8D55}.Debug|x86.Build.0 = Debug|Win32
		{AEDBB7A8-6429-40FB-8873-DFB26D1D8D55}.Release|x64.ActiveCfg = Release|x64
		{AEDBB7A8-6429-40FB-8873-DFB26D1D8D55}.Release|x64.Build.0 = Release|x64
		{AEDBB7A8-6429-40FB-8873-DFB26D1D8D55}.Release|x86.ActiveCfg = Release|Win32
		{AEDBB7A8-6429-40FB-8873-DFB26D1D8D55}.Release|x86.Build.0 = Release|Win32
		{63917F07-8EDA-4FEA-A607-02371A481B0C}.Debug|x64.ActiveCfg = Debug|x64
		{63917F07-8EDA-4FEA-A607-02371A481B0C}.Debug|x64.Build.0 = Debug|x64
		{63917F07-8EDA-4FEA-A607-02371A481B0C}.Debug|x86.ActiveCfg = Debug|Win32
		{63917F07-8EDA-4FEA-A607-02371A481B0C}.Debug|x86.Build.0 = Debug|Win32
		{63917F07-8EDA-4FEA-A607-02371A481B0C}.Release|x64.ActiveCfg = Release|x64
		{63917F07-8EDA-4FEA-A607-02371A481B0C}.Release|x64.Build.0 = Release|x64
		{63917F07-8EDA-4FEA-A607-02371A481B0C}.Release|x86.ActiveCfg = Release|Win32
		{63917F07-8EDA-4FEA-A607-02371A481B0C}.Release|x86.Build.0 = Release|Win32
		{AF5223D5-9B1A-47E2-9CA8-F47A42BD485B}.Debug|x64.ActiveCfg = Debug|x64
		{AF5223D5-9B1A-47E2-9CA8-F47A42BD485B}.Debug|x64.Build.0 = Debug|x64
		{AF5223D5-9B1A-47E2-9CA8-F47A42BD485B}.Debug|x86.ActiveCfg = Debug|Win32
		{AF5223D5-9B1A-47E2-9CA8-F47A42BD485B}.Debug|x86.Build.0 = Debug|Win32
		{AF5223D5-9B1A-47E2-9CA8-F47A42BD485B}.Release|x64.ActiveCfg = Release|x64
		{AF5223D5-9B1A-47E2-9CA8-F47A42BD485B}.Release|x64.Build.0 = Release|x64
		{AF5223D5-9B1A-47E2-9CA8-F47A42BD485B}.Release|x86.ActiveCfg = Release|Win32
		{AF5223D5-9B1A-47E2-9CA8-F47A42BD485B}.Release|x86.Build.0 = Release|Win32
		{FCB65E06-7F90-433F-8B57-FC803CA8AAED}.Debug|x64.ActiveCfg = Debug|x64
		{FCB65E06-7F90-433F-8B57-FC803CA8AAED}.Debug|x64.Build.0 = Debug|x64
		{FCB65E06-7F90-433F-8B57-FC803CA8AAED}.Debug|x86.ActiveCfg = Debug|Win32
		{FCB65E06-7F90-433F-8B57-FC803CA8AAED}.Debug|x86.Build.0 = Debug|Win32
		{FCB65E06-7F90-433F-8B57-FC803CA8AAED}.Release|x64.ActiveCfg = Release|x64
		{FCB65E06-7F90-433F-8B57-FC803CA8AAED}.Release|x64.Build.0 = Release|x64
		{FCB65E06-7F90-433F-8B57-FC803CA8AAED}.Release|x86.ActiveCfg = Release|Win32
		{FCB65E06-7F90-433F-8B57-FC803CA8AAED}.Release|x86.Build.0 = Release|Win32
		{1E26A186-3CCB-4A90-8C78-80098D27E1FC}.Debug|x64.ActiveCfg = Debug|x64
		{1E26A186-3CCB-4A90-8C78-80098D27E1FC}.Debug|x64.Build.0 = Debug|x64
		{1E26A186-3CCB-4A90-8C78-80098D27E1FC}.Debug|x86.ActiveCfg = Debug|Win32
		{1E26A186-3CCB-4A90-8C78-80098D27E1FC}.Debug|x86.Build.0 = Debug|Win32
		{1E26A186-3CCB-4A90-8C78-80098D27E1FC}.Release|x64.ActiveCfg = Release|x64
		{1E26A186-3CCB-4A90-8C78-80098D27E1FC}.Release|x64.Build.0 = Release|x64
		{1E26A186-3CCB-4A90-8C78-80098D27E1FC}.Release|x86.ActiveCfg = Release|Win32
		{1E26A186-3CCB-4A90-8C78-80098D27E1FC}.Release|x86.Build.0 = Release|Win32
		{012D3699-1F63-4809-896F-1BBBF9854EB1}.Debug|x64.ActiveCfg = Debug|x64
		{012D3699-1F63-4809-896F-1BBBF9854EB1}.Debug|x64.Build.0 = Debug|x64
		{012D3699-1F63-4809-896F-1BBBF9854EB1}.Debug|x86.ActiveCfg = Debug|Win32
		{012D3699-1F63-4809-896F-1BBBF9854EB1}.Debug|x86.Build.0 = Debug|Win32
		{012D3699-1F63-4809-896F-1BBBF9854EB1}.Release|x64.ActiveCfg = Release|x64
		{012D3699-1F63-4809-896F-1BBBF9854EB1}.Release|x64.Build.0 = Release|x64
		{012D3699-1F63-4809-896F-1BBBF9854EB1}.Release|x86.ActiveCfg = Release|Win32
		{012D3699-1F63-4809-896F-1BBBF9854EB1}.Release|x86.Build.0 = Release|Win32
		{0D16DE69-BD75-4407-B432-D41DB0644EBC}.Debug|x64.ActiveCfg = Debug|x64
		{0D16DE69-BD75-4407-B432-D41DB0644EBC}.Debug|x64.Build.0 = Debug|x64
		{0D16DE69-BD75-4407-B432-D41DB0644EBC}.Debug|x86.ActiveCfg = Debug|Win32
		{0D16DE69-BD75-4407-B432-D41DB0644EBC}.Debug|x86.Build.0 = Debug|Win32
		{0D16DE69-BD75-4407-B432-D41DB0644EBC}.Release|x64.ActiveCfg = Release|x64
		{0D16DE69-BD75-4407-B432-D41DB0644EBC}.Release|x64.Build.0 = Release|x64
		{0D16DE69-BD75-4407-B432-D41DB0644EBC}.Release|x86.ActiveCfg = Release|Win32
		{0D16DE69-BD75-4407-B432-D41DB0644EBC}.Release|x86.Build.0 = Release|Win32
		{AD0B15F2-8CB6-4723-AB99-A69FDD706453}.Debug|x64.ActiveCfg = Debug|x64
		{AD0B15F2-8CB6-4723-AB99-A69FDD706453}.Debug|x64.Build.0 = Debug|x64
		{AD0B15F2-8CB6-4723-AB99-A69FDD706453}.Debug|x86.ActiveCfg = Debug|Win32
		{AD0B15F2-8CB6-4723-AB99-A69FDD706453}.Debug|x86.Build.0 = Debug|Win32
		{AD0B15F2-8CB6-4723-AB99-A69FDD706453}.Release|x64.ActiveCfg = Release|x64
		{AD0B15F2-8CB6-4723-AB99-A69FDD706453}.Release|x64.Build.0 = Release|x64
		{AD0B15F2-8CB6-4723-AB99-A69FDD706453}.Release|x86.ActiveCfg = Release|Win32
		{AD0B15F2-8CB6-4723-AB99-A69FDD706453}.Release|x86.Build.0 = Release|Win32
		{F76A630E-0F41-4F66-94BE-F24391D4C71F}.Debug|x64.ActiveCfg = Debug|x64
		{F76A630E-0F41-4F66-94BE-F24391D4C71F}.Debug|x64.Build.0 = Debug|x64
		{F76A630E-0F41-4F66-94BE-F24391D4C71F}.Debug|x86.ActiveCfg = Debug|Win32
		{F76A630E-0F41-4F66-94BE-F24391D4C71F}.Debug|x86.Build.0 = Debug|Win32
		{F76A630E-0F41-4F66-94BE-F24391D4C71F}.Release|x64.ActiveCfg = Release|x64
		{F76A630E-0F41-4F66-94BE-F24391D4C71F}.Release|x64.Build.0 = Release|x64
		{F76A630E-0F41-4F66-94BE-F24391D4C71F}.Release|x86.ActiveCfg = Release|Win32
		{F76A630E-0F41-4F66-94BE-F24391D4C71F}.Release|x86.Build.0 = Release|Win32
	EndGlobalSection
	GlobalSection(SolutionProperties) = preSolution
		HideSolutionNode = FALSE
	EndGlobalSection
	GlobalSection(ExtensibilityGlobals) = postSolution
		SolutionGuid = {60FABA41-EAF3-4466-A88F-53E20E5AD6C0}
	EndGlobalSection
EndGlobal
