
Microsoft Visual Studio Solution File, Format Version 12.00
# Visual Studio 15
VisualStudioVersion = 15.0.27130.2026
MinimumVisualStudioVersion = 10.0.40219.1
Project("{8BC9CEB8-8B4A-11D0-8D11-00A0C91BC942}") = "CGALib", "CGALib\CGALib.vcxproj", "{172F046A-36B0-41D6-A3D8-5A9E12F214E6}"
EndProject
Project("{8BC9CEB8-8B4A-11D0-8D11-00A0C91BC942}") = "01-AnimacionKeyFrames", "01-AnimacionKeyFrames\01-AnimacionKeyFrames.vcxproj", "{35304A30-97A0-4ACD-A742-DEC06ED1CDEE}"
EndProject
Project("{8BC9CEB8-8B4A-11D0-8D11-00A0C91BC942}") = "02-SkeletonAnimation", "02-SkeletonAnimation\02-SkeletonAnimation.vcxproj", "{340629BC-7288-40D9-A2BF-749E455C7BB3}"
EndProject
Project("{8BC9CEB8-8B4A-11D0-8D11-00A0C91BC942}") = "03-Terrain", "03-Terrain\03-Terrain.vcxproj", "{43191667-CAC7-4F81-95E3-78C74E0B528C}"
EndProject
Project("{8BC9CEB8-8B4A-11D0-8D11-00A0C91BC942}") = "04-TerrainBlendMap", "04-TerrainBlendMap\04-TerrainBlendMap.vcxproj", "{27B329F6-8DFA-420A-B0CD-5903E97336E5}"
EndProject
Project("{8BC9CEB8-8B4A-11D0-8D11-00A0C91BC942}") = "05-MultipleLights", "05-MultipleLights\05-MultipleLights.vcxproj", "{625E1AFA-5033-4935-9C54-0844B6C5FDD6}"
EndProject
Project("{8BC9CEB8-8B4A-11D0-8D11-00A0C91BC942}") = "14-OpenAL", "14-OpenAL\14-OpenAL.vcxproj", "{EFC2FE8A-1AC7-4969-9970-E8BA7B89127B}"
EndProject
Project("{8BC9CEB8-8B4A-11D0-8D11-00A0C91BC942}") = "06-CameraTPS", "06-CameraTPS\06-CameraTPS.vcxproj", "{C9DD8C51-7E75-4BFD-8F34-D4362F20F294}"
EndProject
Project("{8BC9CEB8-8B4A-11D0-8D11-00A0C91BC942}") = "07-Colisiones", "07-Colisiones\07-Colisiones.vcxproj", "{01AE35C9-33F5-4636-92AE-71179EB58526}"
EndProject
Project("{8BC9CEB8-8B4A-11D0-8D11-00A0C91BC942}") = "08-DepthTesting", "08-DepthTesting\08-DepthTesting.vcxproj", "{E6DF3F0B-F133-4D03-A55D-7402D2BD1309}"
EndProject
Project("{8BC9CEB8-8B4A-11D0-8D11-00A0C91BC942}") = "09-Blending", "09-Blending\09-Blending.vcxproj", "{ADF410CF-752B-47E0-B8E5-78757F213C7A}"
EndProject
Project("{8BC9CEB8-8B4A-11D0-8D11-00A0C91BC942}") = "10-Fog", "10-Fog\10-Fog.vcxproj", "{E29A0E2C-2A46-499F-9AE3-BA71060C9BCE}"
EndProject
Project("{8BC9CEB8-8B4A-11D0-8D11-00A0C91BC942}") = "11-Particulas", "11-Particulas\11-Particulas.vcxproj", "{CCCF6373-9BAF-4982-A379-C7588C5F2706}"
EndProject
Project("{8BC9CEB8-8B4A-11D0-8D11-00A0C91BC942}") = "12-ParticulasFeedback", "12-ParticulasFeedback\12-ParticulasFeedback.vcxproj", "{DECD5314-8AAA-4C7F-8C4C-BFD1B75504B6}"
EndProject
Project("{8BC9CEB8-8B4A-11D0-8D11-00A0C91BC942}") = "13-ShadowMapping", "13-ShadowMapping\13-ShadowMapping.vcxproj", "{9300274C-9BF0-40B1-9F7B-74AF817837FC}"
EndProject
Global
	GlobalSection(SolutionConfigurationPlatforms) = preSolution
		Debug|x64 = Debug|x64
		Debug|x86 = Debug|x86
		Release|x64 = Release|x64
		Release|x86 = Release|x86
	EndGlobalSection
	GlobalSection(ProjectConfigurationPlatforms) = postSolution
		{172F046A-36B0-41D6-A3D8-5A9E12F214E6}.Debug|x64.ActiveCfg = Debug|x64
		{172F046A-36B0-41D6-A3D8-5A9E12F214E6}.Debug|x64.Build.0 = Debug|x64
		{172F046A-36B0-41D6-A3D8-5A9E12F214E6}.Debug|x86.ActiveCfg = Debug|Win32
		{172F046A-36B0-41D6-A3D8-5A9E12F214E6}.Debug|x86.Build.0 = Debug|Win32
		{172F046A-36B0-41D6-A3D8-5A9E12F214E6}.Release|x64.ActiveCfg = Release|x64
		{172F046A-36B0-41D6-A3D8-5A9E12F214E6}.Release|x64.Build.0 = Release|x64
		{172F046A-36B0-41D6-A3D8-5A9E12F214E6}.Release|x86.ActiveCfg = Release|Win32
		{172F046A-36B0-41D6-A3D8-5A9E12F214E6}.Release|x86.Build.0 = Release|Win32
		{35304A30-97A0-4ACD-A742-DEC06ED1CDEE}.Debug|x64.ActiveCfg = Debug|x64
		{35304A30-97A0-4ACD-A742-DEC06ED1CDEE}.Debug|x64.Build.0 = Debug|x64
		{35304A30-97A0-4ACD-A742-DEC06ED1CDEE}.Debug|x86.ActiveCfg = Debug|Win32
		{35304A30-97A0-4ACD-A742-DEC06ED1CDEE}.Debug|x86.Build.0 = Debug|Win32
		{35304A30-97A0-4ACD-A742-DEC06ED1CDEE}.Release|x64.ActiveCfg = Release|x64
		{35304A30-97A0-4ACD-A742-DEC06ED1CDEE}.Release|x64.Build.0 = Release|x64
		{35304A30-97A0-4ACD-A742-DEC06ED1CDEE}.Release|x86.ActiveCfg = Release|Win32
		{35304A30-97A0-4ACD-A742-DEC06ED1CDEE}.Release|x86.Build.0 = Release|Win32
		{340629BC-7288-40D9-A2BF-749E455C7BB3}.Debug|x64.ActiveCfg = Debug|x64
		{340629BC-7288-40D9-A2BF-749E455C7BB3}.Debug|x64.Build.0 = Debug|x64
		{340629BC-7288-40D9-A2BF-749E455C7BB3}.Debug|x86.ActiveCfg = Debug|Win32
		{340629BC-7288-40D9-A2BF-749E455C7BB3}.Debug|x86.Build.0 = Debug|Win32
		{340629BC-7288-40D9-A2BF-749E455C7BB3}.Release|x64.ActiveCfg = Release|x64
		{340629BC-7288-40D9-A2BF-749E455C7BB3}.Release|x64.Build.0 = Release|x64
		{340629BC-7288-40D9-A2BF-749E455C7BB3}.Release|x86.ActiveCfg = Release|Win32
		{340629BC-7288-40D9-A2BF-749E455C7BB3}.Release|x86.Build.0 = Release|Win32
		{43191667-CAC7-4F81-95E3-78C74E0B528C}.Debug|x64.ActiveCfg = Debug|x64
		{43191667-CAC7-4F81-95E3-78C74E0B528C}.Debug|x64.Build.0 = Debug|x64
		{43191667-CAC7-4F81-95E3-78C74E0B528C}.Debug|x86.ActiveCfg = Debug|Win32
		{43191667-CAC7-4F81-95E3-78C74E0B528C}.Debug|x86.Build.0 = Debug|Win32
		{43191667-CAC7-4F81-95E3-78C74E0B528C}.Release|x64.ActiveCfg = Release|x64
		{43191667-CAC7-4F81-95E3-78C74E0B528C}.Release|x64.Build.0 = Release|x64
		{43191667-CAC7-4F81-95E3-78C74E0B528C}.Release|x86.ActiveCfg = Release|Win32
		{43191667-CAC7-4F81-95E3-78C74E0B528C}.Release|x86.Build.0 = Release|Win32
		{27B329F6-8DFA-420A-B0CD-5903E97336E5}.Debug|x64.ActiveCfg = Debug|x64
		{27B329F6-8DFA-420A-B0CD-5903E97336E5}.Debug|x64.Build.0 = Debug|x64
		{27B329F6-8DFA-420A-B0CD-5903E97336E5}.Debug|x86.ActiveCfg = Debug|Win32
		{27B329F6-8DFA-420A-B0CD-5903E97336E5}.Debug|x86.Build.0 = Debug|Win32
		{27B329F6-8DFA-420A-B0CD-5903E97336E5}.Release|x64.ActiveCfg = Release|x64
		{27B329F6-8DFA-420A-B0CD-5903E97336E5}.Release|x64.Build.0 = Release|x64
		{27B329F6-8DFA-420A-B0CD-5903E97336E5}.Release|x86.ActiveCfg = Release|Win32
		{27B329F6-8DFA-420A-B0CD-5903E97336E5}.Release|x86.Build.0 = Release|Win32
		{625E1AFA-5033-4935-9C54-0844B6C5FDD6}.Debug|x64.ActiveCfg = Debug|x64
		{625E1AFA-5033-4935-9C54-0844B6C5FDD6}.Debug|x64.Build.0 = Debug|x64
		{625E1AFA-5033-4935-9C54-0844B6C5FDD6}.Debug|x86.ActiveCfg = Debug|Win32
		{625E1AFA-5033-4935-9C54-0844B6C5FDD6}.Debug|x86.Build.0 = Debug|Win32
		{625E1AFA-5033-4935-9C54-0844B6C5FDD6}.Release|x64.ActiveCfg = Release|x64
		{625E1AFA-5033-4935-9C54-0844B6C5FDD6}.Release|x64.Build.0 = Release|x64
		{625E1AFA-5033-4935-9C54-0844B6C5FDD6}.Release|x86.ActiveCfg = Release|Win32
		{625E1AFA-5033-4935-9C54-0844B6C5FDD6}.Release|x86.Build.0 = Release|Win32
		{EFC2FE8A-1AC7-4969-9970-E8BA7B89127B}.Debug|x64.ActiveCfg = Debug|x64
		{EFC2FE8A-1AC7-4969-9970-E8BA7B89127B}.Debug|x64.Build.0 = Debug|x64
		{EFC2FE8A-1AC7-4969-9970-E8BA7B89127B}.Debug|x86.ActiveCfg = Debug|Win32
		{EFC2FE8A-1AC7-4969-9970-E8BA7B89127B}.Debug|x86.Build.0 = Debug|Win32
		{EFC2FE8A-1AC7-4969-9970-E8BA7B89127B}.Release|x64.ActiveCfg = Release|x64
		{EFC2FE8A-1AC7-4969-9970-E8BA7B89127B}.Release|x64.Build.0 = Release|x64
		{EFC2FE8A-1AC7-4969-9970-E8BA7B89127B}.Release|x86.ActiveCfg = Release|Win32
		{EFC2FE8A-1AC7-4969-9970-E8BA7B89127B}.Release|x86.Build.0 = Release|Win32
		{C9DD8C51-7E75-4BFD-8F34-D4362F20F294}.Debug|x64.ActiveCfg = Debug|x64
		{C9DD8C51-7E75-4BFD-8F34-D4362F20F294}.Debug|x64.Build.0 = Debug|x64
		{C9DD8C51-7E75-4BFD-8F34-D4362F20F294}.Debug|x86.ActiveCfg = Debug|Win32
		{C9DD8C51-7E75-4BFD-8F34-D4362F20F294}.Debug|x86.Build.0 = Debug|Win32
		{C9DD8C51-7E75-4BFD-8F34-D4362F20F294}.Release|x64.ActiveCfg = Release|x64
		{C9DD8C51-7E75-4BFD-8F34-D4362F20F294}.Release|x64.Build.0 = Release|x64
		{C9DD8C51-7E75-4BFD-8F34-D4362F20F294}.Release|x86.ActiveCfg = Release|Win32
		{C9DD8C51-7E75-4BFD-8F34-D4362F20F294}.Release|x86.Build.0 = Release|Win32
		{01AE35C9-33F5-4636-92AE-71179EB58526}.Debug|x64.ActiveCfg = Debug|x64
		{01AE35C9-33F5-4636-92AE-71179EB58526}.Debug|x64.Build.0 = Debug|x64
		{01AE35C9-33F5-4636-92AE-71179EB58526}.Debug|x86.ActiveCfg = Debug|Win32
		{01AE35C9-33F5-4636-92AE-71179EB58526}.Debug|x86.Build.0 = Debug|Win32
		{01AE35C9-33F5-4636-92AE-71179EB58526}.Release|x64.ActiveCfg = Release|x64
		{01AE35C9-33F5-4636-92AE-71179EB58526}.Release|x64.Build.0 = Release|x64
		{01AE35C9-33F5-4636-92AE-71179EB58526}.Release|x86.ActiveCfg = Release|Win32
		{01AE35C9-33F5-4636-92AE-71179EB58526}.Release|x86.Build.0 = Release|Win32
		{E6DF3F0B-F133-4D03-A55D-7402D2BD1309}.Debug|x64.ActiveCfg = Debug|x64
		{E6DF3F0B-F133-4D03-A55D-7402D2BD1309}.Debug|x64.Build.0 = Debug|x64
		{E6DF3F0B-F133-4D03-A55D-7402D2BD1309}.Debug|x86.ActiveCfg = Debug|Win32
		{E6DF3F0B-F133-4D03-A55D-7402D2BD1309}.Debug|x86.Build.0 = Debug|Win32
		{E6DF3F0B-F133-4D03-A55D-7402D2BD1309}.Release|x64.ActiveCfg = Release|x64
		{E6DF3F0B-F133-4D03-A55D-7402D2BD1309}.Release|x64.Build.0 = Release|x64
		{E6DF3F0B-F133-4D03-A55D-7402D2BD1309}.Release|x86.ActiveCfg = Release|Win32
		{E6DF3F0B-F133-4D03-A55D-7402D2BD1309}.Release|x86.Build.0 = Release|Win32
		{ADF410CF-752B-47E0-B8E5-78757F213C7A}.Debug|x64.ActiveCfg = Debug|x64
		{ADF410CF-752B-47E0-B8E5-78757F213C7A}.Debug|x64.Build.0 = Debug|x64
		{ADF410CF-752B-47E0-B8E5-78757F213C7A}.Debug|x86.ActiveCfg = Debug|Win32
		{ADF410CF-752B-47E0-B8E5-78757F213C7A}.Debug|x86.Build.0 = Debug|Win32
		{ADF410CF-752B-47E0-B8E5-78757F213C7A}.Release|x64.ActiveCfg = Release|x64
		{ADF410CF-752B-47E0-B8E5-78757F213C7A}.Release|x64.Build.0 = Release|x64
		{ADF410CF-752B-47E0-B8E5-78757F213C7A}.Release|x86.ActiveCfg = Release|Win32
		{ADF410CF-752B-47E0-B8E5-78757F213C7A}.Release|x86.Build.0 = Release|Win32
		{E29A0E2C-2A46-499F-9AE3-BA71060C9BCE}.Debug|x64.ActiveCfg = Debug|x64
		{E29A0E2C-2A46-499F-9AE3-BA71060C9BCE}.Debug|x64.Build.0 = Debug|x64
		{E29A0E2C-2A46-499F-9AE3-BA71060C9BCE}.Debug|x86.ActiveCfg = Debug|Win32
		{E29A0E2C-2A46-499F-9AE3-BA71060C9BCE}.Debug|x86.Build.0 = Debug|Win32
		{E29A0E2C-2A46-499F-9AE3-BA71060C9BCE}.Release|x64.ActiveCfg = Release|x64
		{E29A0E2C-2A46-499F-9AE3-BA71060C9BCE}.Release|x64.Build.0 = Release|x64
		{E29A0E2C-2A46-499F-9AE3-BA71060C9BCE}.Release|x86.ActiveCfg = Release|Win32
		{E29A0E2C-2A46-499F-9AE3-BA71060C9BCE}.Release|x86.Build.0 = Release|Win32
		{CCCF6373-9BAF-4982-A379-C7588C5F2706}.Debug|x64.ActiveCfg = Debug|x64
		{CCCF6373-9BAF-4982-A379-C7588C5F2706}.Debug|x64.Build.0 = Debug|x64
		{CCCF6373-9BAF-4982-A379-C7588C5F2706}.Debug|x86.ActiveCfg = Debug|Win32
		{CCCF6373-9BAF-4982-A379-C7588C5F2706}.Debug|x86.Build.0 = Debug|Win32
		{CCCF6373-9BAF-4982-A379-C7588C5F2706}.Release|x64.ActiveCfg = Release|x64
		{CCCF6373-9BAF-4982-A379-C7588C5F2706}.Release|x64.Build.0 = Release|x64
		{CCCF6373-9BAF-4982-A379-C7588C5F2706}.Release|x86.ActiveCfg = Release|Win32
		{CCCF6373-9BAF-4982-A379-C7588C5F2706}.Release|x86.Build.0 = Release|Win32
		{DECD5314-8AAA-4C7F-8C4C-BFD1B75504B6}.Debug|x64.ActiveCfg = Debug|x64
		{DECD5314-8AAA-4C7F-8C4C-BFD1B75504B6}.Debug|x64.Build.0 = Debug|x64
		{DECD5314-8AAA-4C7F-8C4C-BFD1B75504B6}.Debug|x86.ActiveCfg = Debug|Win32
		{DECD5314-8AAA-4C7F-8C4C-BFD1B75504B6}.Debug|x86.Build.0 = Debug|Win32
		{DECD5314-8AAA-4C7F-8C4C-BFD1B75504B6}.Release|x64.ActiveCfg = Release|x64
		{DECD5314-8AAA-4C7F-8C4C-BFD1B75504B6}.Release|x64.Build.0 = Release|x64
		{DECD5314-8AAA-4C7F-8C4C-BFD1B75504B6}.Release|x86.ActiveCfg = Release|Win32
		{DECD5314-8AAA-4C7F-8C4C-BFD1B75504B6}.Release|x86.Build.0 = Release|Win32
		{9300274C-9BF0-40B1-9F7B-74AF817837FC}.Debug|x64.ActiveCfg = Debug|x64
		{9300274C-9BF0-40B1-9F7B-74AF817837FC}.Debug|x64.Build.0 = Debug|x64
		{9300274C-9BF0-40B1-9F7B-74AF817837FC}.Debug|x86.ActiveCfg = Debug|Win32
		{9300274C-9BF0-40B1-9F7B-74AF817837FC}.Debug|x86.Build.0 = Debug|Win32
		{9300274C-9BF0-40B1-9F7B-74AF817837FC}.Release|x64.ActiveCfg = Release|x64
		{9300274C-9BF0-40B1-9F7B-74AF817837FC}.Release|x64.Build.0 = Release|x64
		{9300274C-9BF0-40B1-9F7B-74AF817837FC}.Release|x86.ActiveCfg = Release|Win32
		{9300274C-9BF0-40B1-9F7B-74AF817837FC}.Release|x86.Build.0 = Release|Win32
	EndGlobalSection
	GlobalSection(SolutionProperties) = preSolution
		HideSolutionNode = FALSE
	EndGlobalSection
	GlobalSection(ExtensibilityGlobals) = postSolution
		SolutionGuid = {60FABA41-EAF3-4466-A88F-53E20E5AD6C0}
	EndGlobalSection
EndGlobal
