
Microsoft Visual Studio Solution File, Format Version 12.00
# Visual Studio 15
VisualStudioVersion = 15.0.27130.2026
MinimumVisualStudioVersion = 10.0.40219.1
Project("{8BC9CEB8-8B4A-11D0-8D11-00A0C91BC942}") = "13-CameraTPS", "13-CameraTPS\13-CameraTPS.vcxproj", "{AEDBB7A8-6429-40FB-8873-DFB26D1D8D55}"
EndProject
Project("{8BC9CEB8-8B4A-11D0-8D11-00A0C91BC942}") = "14-Colisiones", "14-Colisiones\14-Colisiones.vcxproj", "{63917F07-8EDA-4FEA-A607-02371A481B0C}"
EndProject
Project("{8BC9CEB8-8B4A-11D0-8D11-00A0C91BC942}") = "15-DepthTesting", "15-DepthTesting\15-DepthTesting.vcxproj", "{AF5223D5-9B1A-47E2-9CA8-F47A42BD485B}"
EndProject
Project("{8BC9CEB8-8B4A-11D0-8D11-00A0C91BC942}") = "16-Blending", "16-Blending\16-Blending.vcxproj", "{FCB65E06-7F90-433F-8B57-FC803CA8AAED}"
EndProject
Project("{8BC9CEB8-8B4A-11D0-8D11-00A0C91BC942}") = "17-FrameBuffers", "17-FrameBuffers\17-FrameBuffers.vcxproj", "{1E26A186-3CCB-4A90-8C78-80098D27E1FC}"
EndProject
Project("{8BC9CEB8-8B4A-11D0-8D11-00A0C91BC942}") = "18-Particulas", "18-Particulas\18-Particulas.vcxproj", "{012D3699-1F63-4809-896F-1BBBF9854EB1}"
EndProject
Project("{8BC9CEB8-8B4A-11D0-8D11-00A0C91BC942}") = "19-ParticulasFeedback", "19-ParticulasFeedback\19-ParticulasFeedback.vcxproj", "{0D16DE69-BD75-4407-B432-D41DB0644EBC}"
EndProject
Project("{8BC9CEB8-8B4A-11D0-8D11-00A0C91BC942}") = "20-ShadowMapping", "20-ShadowMapping\20-ShadowMapping.vcxproj", "{AD0B15F2-8CB6-4723-AB99-A69FDD706453}"
EndProject
Project("{8BC9CEB8-8B4A-11D0-8D11-00A0C91BC942}") = "21-OpenAL", "21-OpenAL\21-OpenAL.vcxproj", "{F76A630E-0F41-4F66-94BE-F24391D4C71F}"
EndProject
Project("{8BC9CEB8-8B4A-11D0-8D11-00A0C91BC942}") = "12-MultiplesTexturas", "12-MultiplesTexturas\12-MultiplesTexturas.vcxproj", "{205F9076-2CEC-4473-BF83-A046B5C829E4}"
EndProject
Project("{8BC9CEB8-8B4A-11D0-8D11-00A0C91BC942}") = "22-AnimationModel", "22-AnimationModel\22-AnimationModel.vcxproj", "{786F0EFA-AF2A-468A-949C-B78CCA3383F3}"
EndProject
Project("{8BC9CEB8-8B4A-11D0-8D11-00A0C91BC942}") = "23-Terrain", "23-Terrain\23-Terrain.vcxproj", "{AEF67514-0793-495B-AEBD-DB245C03D347}"
EndProject
Project("{8BC9CEB8-8B4A-11D0-8D11-00A0C91BC942}") = "CGALib", "CGALib\CGALib.vcxproj", "{172F046A-36B0-41D6-A3D8-5A9E12F214E6}"
EndProject
Project("{8BC9CEB8-8B4A-11D0-8D11-00A0C91BC942}") = "01-AnimacionKeyFrames", "01-AnimacionKeyFrames\01-AnimacionKeyFrames.vcxproj", "{35304A30-97A0-4ACD-A742-DEC06ED1CDEE}"
EndProject
Project("{8BC9CEB8-8B4A-11D0-8D11-00A0C91BC942}") = "02-SkeletonAnimation", "02-SkeletonAnimation\02-SkeletonAnimation.vcxproj", "{340629BC-7288-40D9-A2BF-749E455C7BB3}"
EndProject
Project("{8BC9CEB8-8B4A-11D0-8D11-00A0C91BC942}") = "03-Terrain", "03-Terrain\03-Terrain.vcxproj", "{43191667-CAC7-4F81-95E3-78C74E0B528C}"
EndProject
Project("{8BC9CEB8-8B4A-11D0-8D11-00A0C91BC942}") = "04-TerrainBlendMap", "04-TerrainBlendMap\04-TerrainBlendMap.vcxproj", "{27B329F6-8DFA-420A-B0CD-5903E97336E5}"
EndProject
Project("{8BC9CEB8-8B4A-11D0-8D11-00A0C91BC942}") = "05-MultipleLights", "05-MultipleLights\05-MultipleLights.vcxproj", "{625E1AFA-5033-4935-9C54-0844B6C5FDD6}"
EndProject
Global
	GlobalSection(SolutionConfigurationPlatforms) = preSolution
		Debug|x64 = Debug|x64
		Debug|x86 = Debug|x86
		Release|x64 = Release|x64
		Release|x86 = Release|x86
	EndGlobalSection
	GlobalSection(ProjectConfigurationPlatforms) = postSolution
		{AEDBB7A8-6429-40FB-8873-DFB26D1D8D55}.Debug|x64.ActiveCfg = Debug|x64
		{AEDBB7A8-6429-40FB-8873-DFB26D1D8D55}.Debug|x64.Build.0 = Debug|x64
		{AEDBB7A8-6429-40FB-8873-DFB26D1D8D55}.Debug|x86.ActiveCfg = Debug|Win32
		{AEDBB7A8-6429-40FB-8873-DFB26D1D8D55}.Debug|x86.Build.0 = Debug|Win32
		{AEDBB7A8-6429-40FB-8873-DFB26D1D8D55}.Release|x64.ActiveCfg = Release|x64
		{AEDBB7A8-6429-40FB-8873-DFB26D1D8D55}.Release|x64.Build.0 = Release|x64
		{AEDBB7A8-6429-40FB-8873-DFB26D1D8D55}.Release|x86.ActiveCfg = Release|Win32
		{AEDBB7A8-6429-40FB-8873-DFB26D1D8D55}.Release|x86.Build.0 = Release|Win32
		{63917F07-8EDA-4FEA-A607-02371A481B0C}.Debug|x64.ActiveCfg = Debug|x64
		{63917F07-8EDA-4FEA-A607-02371A481B0C}.Debug|x64.Build.0 = Debug|x64
		{63917F07-8EDA-4FEA-A607-02371A481B0C}.Debug|x86.ActiveCfg = Debug|Win32
		{63917F07-8EDA-4FEA-A607-02371A481B0C}.Debug|x86.Build.0 = Debug|Win32
		{63917F07-8EDA-4FEA-A607-02371A481B0C}.Release|x64.ActiveCfg = Release|x64
		{63917F07-8EDA-4FEA-A607-02371A481B0C}.Release|x64.Build.0 = Release|x64
		{63917F07-8EDA-4FEA-A607-02371A481B0C}.Release|x86.ActiveCfg = Release|Win32
		{63917F07-8EDA-4FEA-A607-02371A481B0C}.Release|x86.Build.0 = Release|Win32
		{AF5223D5-9B1A-47E2-9CA8-F47A42BD485B}.Debug|x64.ActiveCfg = Debug|x64
		{AF5223D5-9B1A-47E2-9CA8-F47A42BD485B}.Debug|x64.Build.0 = Debug|x64
		{AF5223D5-9B1A-47E2-9CA8-F47A42BD485B}.Debug|x86.ActiveCfg = Debug|Win32
		{AF5223D5-9B1A-47E2-9CA8-F47A42BD485B}.Debug|x86.Build.0 = Debug|Win32
		{AF5223D5-9B1A-47E2-9CA8-F47A42BD485B}.Release|x64.ActiveCfg = Release|x64
		{AF5223D5-9B1A-47E2-9CA8-F47A42BD485B}.Release|x64.Build.0 = Release|x64
		{AF5223D5-9B1A-47E2-9CA8-F47A42BD485B}.Release|x86.ActiveCfg = Release|Win32
		{AF5223D5-9B1A-47E2-9CA8-F47A42BD485B}.Release|x86.Build.0 = Release|Win32
		{FCB65E06-7F90-433F-8B57-FC803CA8AAED}.Debug|x64.ActiveCfg = Debug|x64
		{FCB65E06-7F90-433F-8B57-FC803CA8AAED}.Debug|x64.Build.0 = Debug|x64
		{FCB65E06-7F90-433F-8B57-FC803CA8AAED}.Debug|x86.ActiveCfg = Debug|Win32
		{FCB65E06-7F90-433F-8B57-FC803CA8AAED}.Debug|x86.Build.0 = Debug|Win32
		{FCB65E06-7F90-433F-8B57-FC803CA8AAED}.Release|x64.ActiveCfg = Release|x64
		{FCB65E06-7F90-433F-8B57-FC803CA8AAED}.Release|x64.Build.0 = Release|x64
		{FCB65E06-7F90-433F-8B57-FC803CA8AAED}.Release|x86.ActiveCfg = Release|Win32
		{FCB65E06-7F90-433F-8B57-FC803CA8AAED}.Release|x86.Build.0 = Release|Win32
		{1E26A186-3CCB-4A90-8C78-80098D27E1FC}.Debug|x64.ActiveCfg = Debug|x64
		{1E26A186-3CCB-4A90-8C78-80098D27E1FC}.Debug|x64.Build.0 = Debug|x64
		{1E26A186-3CCB-4A90-8C78-80098D27E1FC}.Debug|x86.ActiveCfg = Debug|Win32
		{1E26A186-3CCB-4A90-8C78-80098D27E1FC}.Debug|x86.Build.0 = Debug|Win32
		{1E26A186-3CCB-4A90-8C78-80098D27E1FC}.Release|x64.ActiveCfg = Release|x64
		{1E26A186-3CCB-4A90-8C78-80098D27E1FC}.Release|x64.Build.0 = Release|x64
		{1E26A186-3CCB-4A90-8C78-80098D27E1FC}.Release|x86.ActiveCfg = Release|Win32
		{1E26A186-3CCB-4A90-8C78-80098D27E1FC}.Release|x86.Build.0 = Release|Win32
		{012D3699-1F63-4809-896F-1BBBF9854EB1}.Debug|x64.ActiveCfg = Debug|x64
		{012D3699-1F63-4809-896F-1BBBF9854EB1}.Debug|x64.Build.0 = Debug|x64
		{012D3699-1F63-4809-896F-1BBBF9854EB1}.Debug|x86.ActiveCfg = Debug|Win32
		{012D3699-1F63-4809-896F-1BBBF9854EB1}.Debug|x86.Build.0 = Debug|Win32
		{012D3699-1F63-4809-896F-1BBBF9854EB1}.Release|x64.ActiveCfg = Release|x64
		{012D3699-1F63-4809-896F-1BBBF9854EB1}.Release|x64.Build.0 = Release|x64
		{012D3699-1F63-4809-896F-1BBBF9854EB1}.Release|x86.ActiveCfg = Release|Win32
		{012D3699-1F63-4809-896F-1BBBF9854EB1}.Release|x86.Build.0 = Release|Win32
		{0D16DE69-BD75-4407-B432-D41DB0644EBC}.Debug|x64.ActiveCfg = Debug|x64
		{0D16DE69-BD75-4407-B432-D41DB0644EBC}.Debug|x64.Build.0 = Debug|x64
		{0D16DE69-BD75-4407-B432-D41DB0644EBC}.Debug|x86.ActiveCfg = Debug|Win32
		{0D16DE69-BD75-4407-B432-D41DB0644EBC}.Debug|x86.Build.0 = Debug|Win32
		{0D16DE69-BD75-4407-B432-D41DB0644EBC}.Release|x64.ActiveCfg = Release|x64
		{0D16DE69-BD75-4407-B432-D41DB0644EBC}.Release|x64.Build.0 = Release|x64
		{0D16DE69-BD75-4407-B432-D41DB0644EBC}.Release|x86.ActiveCfg = Release|Win32
		{0D16DE69-BD75-4407-B432-D41DB0644EBC}.Release|x86.Build.0 = Release|Win32
		{AD0B15F2-8CB6-4723-AB99-A69FDD706453}.Debug|x64.ActiveCfg = Debug|x64
		{AD0B15F2-8CB6-4723-AB99-A69FDD706453}.Debug|x64.Build.0 = Debug|x64
		{AD0B15F2-8CB6-4723-AB99-A69FDD706453}.Debug|x86.ActiveCfg = Debug|Win32
		{AD0B15F2-8CB6-4723-AB99-A69FDD706453}.Debug|x86.Build.0 = Debug|Win32
		{AD0B15F2-8CB6-4723-AB99-A69FDD706453}.Release|x64.ActiveCfg = Release|x64
		{AD0B15F2-8CB6-4723-AB99-A69FDD706453}.Release|x64.Build.0 = Release|x64
		{AD0B15F2-8CB6-4723-AB99-A69FDD706453}.Release|x86.ActiveCfg = Release|Win32
		{AD0B15F2-8CB6-4723-AB99-A69FDD706453}.Release|x86.Build.0 = Release|Win32
		{F76A630E-0F41-4F66-94BE-F24391D4C71F}.Debug|x64.ActiveCfg = Debug|x64
		{F76A630E-0F41-4F66-94BE-F24391D4C71F}.Debug|x64.Build.0 = Debug|x64
		{F76A630E-0F41-4F66-94BE-F24391D4C71F}.Debug|x86.ActiveCfg = Debug|Win32
		{F76A630E-0F41-4F66-94BE-F24391D4C71F}.Debug|x86.Build.0 = Debug|Win32
		{F76A630E-0F41-4F66-94BE-F24391D4C71F}.Release|x64.ActiveCfg = Release|x64
		{F76A630E-0F41-4F66-94BE-F24391D4C71F}.Release|x64.Build.0 = Release|x64
		{F76A630E-0F41-4F66-94BE-F24391D4C71F}.Release|x86.ActiveCfg = Release|Win32
		{F76A630E-0F41-4F66-94BE-F24391D4C71F}.Release|x86.Build.0 = Release|Win32
		{205F9076-2CEC-4473-BF83-A046B5C829E4}.Debug|x64.ActiveCfg = Debug|x64
		{205F9076-2CEC-4473-BF83-A046B5C829E4}.Debug|x64.Build.0 = Debug|x64
		{205F9076-2CEC-4473-BF83-A046B5C829E4}.Debug|x86.ActiveCfg = Debug|Win32
		{205F9076-2CEC-4473-BF83-A046B5C829E4}.Debug|x86.Build.0 = Debug|Win32
		{205F9076-2CEC-4473-BF83-A046B5C829E4}.Release|x64.ActiveCfg = Release|x64
		{205F9076-2CEC-4473-BF83-A046B5C829E4}.Release|x64.Build.0 = Release|x64
		{205F9076-2CEC-4473-BF83-A046B5C829E4}.Release|x86.ActiveCfg = Release|Win32
		{205F9076-2CEC-4473-BF83-A046B5C829E4}.Release|x86.Build.0 = Release|Win32
		{786F0EFA-AF2A-468A-949C-B78CCA3383F3}.Debug|x64.ActiveCfg = Debug|x64
		{786F0EFA-AF2A-468A-949C-B78CCA3383F3}.Debug|x64.Build.0 = Debug|x64
		{786F0EFA-AF2A-468A-949C-B78CCA3383F3}.Debug|x86.ActiveCfg = Debug|Win32
		{786F0EFA-AF2A-468A-949C-B78CCA3383F3}.Debug|x86.Build.0 = Debug|Win32
		{786F0EFA-AF2A-468A-949C-B78CCA3383F3}.Release|x64.ActiveCfg = Release|x64
		{786F0EFA-AF2A-468A-949C-B78CCA3383F3}.Release|x64.Build.0 = Release|x64
		{786F0EFA-AF2A-468A-949C-B78CCA3383F3}.Release|x86.ActiveCfg = Release|Win32
		{786F0EFA-AF2A-468A-949C-B78CCA3383F3}.Release|x86.Build.0 = Release|Win32
		{AEF67514-0793-495B-AEBD-DB245C03D347}.Debug|x64.ActiveCfg = Debug|x64
		{AEF67514-0793-495B-AEBD-DB245C03D347}.Debug|x64.Build.0 = Debug|x64
		{AEF67514-0793-495B-AEBD-DB245C03D347}.Debug|x86.ActiveCfg = Debug|Win32
		{AEF67514-0793-495B-AEBD-DB245C03D347}.Debug|x86.Build.0 = Debug|Win32
		{AEF67514-0793-495B-AEBD-DB245C03D347}.Release|x64.ActiveCfg = Release|x64
		{AEF67514-0793-495B-AEBD-DB245C03D347}.Release|x64.Build.0 = Release|x64
		{AEF67514-0793-495B-AEBD-DB245C03D347}.Release|x86.ActiveCfg = Release|Win32
		{AEF67514-0793-495B-AEBD-DB245C03D347}.Release|x86.Build.0 = Release|Win32
		{172F046A-36B0-41D6-A3D8-5A9E12F214E6}.Debug|x64.ActiveCfg = Debug|x64
		{172F046A-36B0-41D6-A3D8-5A9E12F214E6}.Debug|x64.Build.0 = Debug|x64
		{172F046A-36B0-41D6-A3D8-5A9E12F214E6}.Debug|x86.ActiveCfg = Debug|Win32
		{172F046A-36B0-41D6-A3D8-5A9E12F214E6}.Debug|x86.Build.0 = Debug|Win32
		{172F046A-36B0-41D6-A3D8-5A9E12F214E6}.Release|x64.ActiveCfg = Release|x64
		{172F046A-36B0-41D6-A3D8-5A9E12F214E6}.Release|x64.Build.0 = Release|x64
		{172F046A-36B0-41D6-A3D8-5A9E12F214E6}.Release|x86.ActiveCfg = Release|Win32
		{172F046A-36B0-41D6-A3D8-5A9E12F214E6}.Release|x86.Build.0 = Release|Win32
		{35304A30-97A0-4ACD-A742-DEC06ED1CDEE}.Debug|x64.ActiveCfg = Debug|x64
		{35304A30-97A0-4ACD-A742-DEC06ED1CDEE}.Debug|x64.Build.0 = Debug|x64
		{35304A30-97A0-4ACD-A742-DEC06ED1CDEE}.Debug|x86.ActiveCfg = Debug|Win32
		{35304A30-97A0-4ACD-A742-DEC06ED1CDEE}.Debug|x86.Build.0 = Debug|Win32
		{35304A30-97A0-4ACD-A742-DEC06ED1CDEE}.Release|x64.ActiveCfg = Release|x64
		{35304A30-97A0-4ACD-A742-DEC06ED1CDEE}.Release|x64.Build.0 = Release|x64
		{35304A30-97A0-4ACD-A742-DEC06ED1CDEE}.Release|x86.ActiveCfg = Release|Win32
		{35304A30-97A0-4ACD-A742-DEC06ED1CDEE}.Release|x86.Build.0 = Release|Win32
		{340629BC-7288-40D9-A2BF-749E455C7BB3}.Debug|x64.ActiveCfg = Debug|x64
		{340629BC-7288-40D9-A2BF-749E455C7BB3}.Debug|x64.Build.0 = Debug|x64
		{340629BC-7288-40D9-A2BF-749E455C7BB3}.Debug|x86.ActiveCfg = Debug|Win32
		{340629BC-7288-40D9-A2BF-749E455C7BB3}.Debug|x86.Build.0 = Debug|Win32
		{340629BC-7288-40D9-A2BF-749E455C7BB3}.Release|x64.ActiveCfg = Release|x64
		{340629BC-7288-40D9-A2BF-749E455C7BB3}.Release|x64.Build.0 = Release|x64
		{340629BC-7288-40D9-A2BF-749E455C7BB3}.Release|x86.ActiveCfg = Release|Win32
		{340629BC-7288-40D9-A2BF-749E455C7BB3}.Release|x86.Build.0 = Release|Win32
		{43191667-CAC7-4F81-95E3-78C74E0B528C}.Debug|x64.ActiveCfg = Debug|x64
		{43191667-CAC7-4F81-95E3-78C74E0B528C}.Debug|x64.Build.0 = Debug|x64
		{43191667-CAC7-4F81-95E3-78C74E0B528C}.Debug|x86.ActiveCfg = Debug|Win32
		{43191667-CAC7-4F81-95E3-78C74E0B528C}.Debug|x86.Build.0 = Debug|Win32
		{43191667-CAC7-4F81-95E3-78C74E0B528C}.Release|x64.ActiveCfg = Release|x64
		{43191667-CAC7-4F81-95E3-78C74E0B528C}.Release|x64.Build.0 = Release|x64
		{43191667-CAC7-4F81-95E3-78C74E0B528C}.Release|x86.ActiveCfg = Release|Win32
		{43191667-CAC7-4F81-95E3-78C74E0B528C}.Release|x86.Build.0 = Release|Win32
		{27B329F6-8DFA-420A-B0CD-5903E97336E5}.Debug|x64.ActiveCfg = Debug|x64
		{27B329F6-8DFA-420A-B0CD-5903E97336E5}.Debug|x64.Build.0 = Debug|x64
		{27B329F6-8DFA-420A-B0CD-5903E97336E5}.Debug|x86.ActiveCfg = Debug|Win32
		{27B329F6-8DFA-420A-B0CD-5903E97336E5}.Debug|x86.Build.0 = Debug|Win32
		{27B329F6-8DFA-420A-B0CD-5903E97336E5}.Release|x64.ActiveCfg = Release|x64
		{27B329F6-8DFA-420A-B0CD-5903E97336E5}.Release|x64.Build.0 = Release|x64
		{27B329F6-8DFA-420A-B0CD-5903E97336E5}.Release|x86.ActiveCfg = Release|Win32
		{27B329F6-8DFA-420A-B0CD-5903E97336E5}.Release|x86.Build.0 = Release|Win32
		{625E1AFA-5033-4935-9C54-0844B6C5FDD6}.Debug|x64.ActiveCfg = Debug|x64
		{625E1AFA-5033-4935-9C54-0844B6C5FDD6}.Debug|x64.Build.0 = Debug|x64
		{625E1AFA-5033-4935-9C54-0844B6C5FDD6}.Debug|x86.ActiveCfg = Debug|Win32
		{625E1AFA-5033-4935-9C54-0844B6C5FDD6}.Debug|x86.Build.0 = Debug|Win32
		{625E1AFA-5033-4935-9C54-0844B6C5FDD6}.Release|x64.ActiveCfg = Release|x64
		{625E1AFA-5033-4935-9C54-0844B6C5FDD6}.Release|x64.Build.0 = Release|x64
		{625E1AFA-5033-4935-9C54-0844B6C5FDD6}.Release|x86.ActiveCfg = Release|Win32
		{625E1AFA-5033-4935-9C54-0844B6C5FDD6}.Release|x86.Build.0 = Release|Win32
	EndGlobalSection
	GlobalSection(SolutionProperties) = preSolution
		HideSolutionNode = FALSE
	EndGlobalSection
	GlobalSection(ExtensibilityGlobals) = postSolution
		SolutionGuid = {60FABA41-EAF3-4466-A88F-53E20E5AD6C0}
	EndGlobalSection
EndGlobal
